// !$*UTF8*$!
{
	archiveVersion = 1;
	classes = {
	};
	objectVersion = 50;
	objects = {

/* Begin PBXBuildFile section */
		0470BC2023562B490016714F /* AppDelegate.m in Sources */ = {isa = PBXBuildFile; fileRef = 0470BC1F23562B490016714F /* AppDelegate.m */; };
		0470BC2323562B490016714F /* SceneDelegate.m in Sources */ = {isa = PBXBuildFile; fileRef = 0470BC2223562B490016714F /* SceneDelegate.m */; };
		0470BC2623562B490016714F /* ViewController.m in Sources */ = {isa = PBXBuildFile; fileRef = 0470BC2523562B490016714F /* ViewController.m */; };
		0470BC2923562B490016714F /* Main.storyboard in Resources */ = {isa = PBXBuildFile; fileRef = 0470BC2723562B490016714F /* Main.storyboard */; };
		0470BC2B23562B4D0016714F /* Assets.xcassets in Resources */ = {isa = PBXBuildFile; fileRef = 0470BC2A23562B4D0016714F /* Assets.xcassets */; };
		0470BC2E23562B4D0016714F /* LaunchScreen.storyboard in Resources */ = {isa = PBXBuildFile; fileRef = 0470BC2C23562B4D0016714F /* LaunchScreen.storyboard */; };
		0470BC3123562B4D0016714F /* main.m in Sources */ = {isa = PBXBuildFile; fileRef = 0470BC3023562B4D0016714F /* main.m */; };
/* End PBXBuildFile section */

/* Begin PBXFileReference section */
		0470BC1B23562B490016714F /* obc-test.app */ = {isa = PBXFileReference; explicitFileType = wrapper.application; includeInIndex = 0; path = "obc-test.app"; sourceTree = BUILT_PRODUCTS_DIR; };
		0470BC1E23562B490016714F /* AppDelegate.h */ = {isa = PBXFileReference; lastKnownFileType = sourcecode.c.h; path = AppDelegate.h; sourceTree = "<group>"; };
		0470BC1F23562B490016714F /* AppDelegate.m */ = {isa = PBXFileReference; lastKnownFileType = sourcecode.c.objc; path = AppDelegate.m; sourceTree = "<group>"; };
		0470BC2123562B490016714F /* SceneDelegate.h */ = {isa = PBXFileReference; lastKnownFileType = sourcecode.c.h; path = SceneDelegate.h; sourceTree = "<group>"; };
		0470BC2223562B490016714F /* SceneDelegate.m */ = {isa = PBXFileReference; lastKnownFileType = sourcecode.c.objc; path = SceneDelegate.m; sourceTree = "<group>"; };
		0470BC2423562B490016714F /* ViewController.h */ = {isa = PBXFileReference; lastKnownFileType = sourcecode.c.h; path = ViewController.h; sourceTree = "<group>"; };
		0470BC2523562B490016714F /* ViewController.m */ = {isa = PBXFileReference; lastKnownFileType = sourcecode.c.objc; path = ViewController.m; sourceTree = "<group>"; };
		0470BC2823562B490016714F /* Base */ = {isa = PBXFileReference; lastKnownFileType = file.storyboard; name = Base; path = Base.lproj/Main.storyboard; sourceTree = "<group>"; };
		0470BC2A23562B4D0016714F /* Assets.xcassets */ = {isa = PBXFileReference; lastKnownFileType = folder.assetcatalog; path = Assets.xcassets; sourceTree = "<group>"; };
		0470BC2D23562B4D0016714F /* Base */ = {isa = PBXFileReference; lastKnownFileType = file.storyboard; name = Base; path = Base.lproj/LaunchScreen.storyboard; sourceTree = "<group>"; };
		0470BC2F23562B4D0016714F /* Info.plist */ = {isa = PBXFileReference; lastKnownFileType = text.plist.xml; path = Info.plist; sourceTree = "<group>"; };
		0470BC3023562B4D0016714F /* main.m */ = {isa = PBXFileReference; lastKnownFileType = sourcecode.c.objc; path = main.m; sourceTree = "<group>"; };
/* End PBXFileReference section */

/* Begin PBXFrameworksBuildPhase section */
		0470BC1823562B480016714F /* Frameworks */ = {
			isa = PBXFrameworksBuildPhase;
			buildActionMask = 2147483647;
			files = (
			);
			runOnlyForDeploymentPostprocessing = 0;
		};
/* End PBXFrameworksBuildPhase section */

/* Begin PBXGroup section */
		0470BC1223562B480016714F = {
			isa = PBXGroup;
			children = (
				0470BC1D23562B490016714F /* obc-test */,
				0470BC1C23562B490016714F /* Products */,
			);
			sourceTree = "<group>";
		};
		0470BC1C23562B490016714F /* Products */ = {
			isa = PBXGroup;
			children = (
				0470BC1B23562B490016714F /* obc-test.app */,
			);
			name = Products;
			sourceTree = "<group>";
		};
		0470BC1D23562B490016714F /* obc-test */ = {
			isa = PBXGroup;
			children = (
				0470BC1E23562B490016714F /* AppDelegate.h */,
				0470BC1F23562B490016714F /* AppDelegate.m */,
				0470BC2123562B490016714F /* SceneDelegate.h */,
				0470BC2223562B490016714F /* SceneDelegate.m */,
				0470BC2423562B490016714F /* ViewController.h */,
				0470BC2523562B490016714F /* ViewController.m */,
				0470BC2723562B490016714F /* Main.storyboard */,
				0470BC2A23562B4D0016714F /* Assets.xcassets */,
				0470BC2C23562B4D0016714F /* LaunchScreen.storyboard */,
				0470BC2F23562B4D0016714F /* Info.plist */,
				0470BC3023562B4D0016714F /* main.m */,
			);
			path = "obc-test";
			sourceTree = "<group>";
		};
/* End PBXGroup section */

/* Begin PBXNativeTarget section */
		0470BC1A23562B480016714F /* obc-test */ = {
			isa = PBXNativeTarget;
			buildConfigurationList = 0470BC3423562B4D0016714F /* Build configuration list for PBXNativeTarget "obc-test" */;
			buildPhases = (
				0470BC1723562B480016714F /* Sources */,
				0470BC1823562B480016714F /* Frameworks */,
				0470BC1923562B480016714F /* Resources */,
			);
			buildRules = (
			);
			dependencies = (
			);
			name = "obc-test";
			productName = "obc-test";
			productReference = 0470BC1B23562B490016714F /* obc-test.app */;
			productType = "com.apple.product-type.application";
		};
/* End PBXNativeTarget section */

/* Begin PBXProject section */
		0470BC1323562B480016714F /* Project object */ = {
			isa = PBXProject;
			attributes = {
				LastUpgradeCheck = 1100;
				ORGANIZATIONNAME = abc;
				TargetAttributes = {
					0470BC1A23562B480016714F = {
						CreatedOnToolsVersion = 11.0;
					};
				};
			};
			buildConfigurationList = 0470BC1623562B480016714F /* Build configuration list for PBXProject "obc-test" */;
			compatibilityVersion = "Xcode 9.3";
			developmentRegion = en;
			hasScannedForEncodings = 0;
			knownRegions = (
				en,
				Base,
			);
			mainGroup = 0470BC1223562B480016714F;
			productRefGroup = 0470BC1C23562B490016714F /* Products */;
			projectDirPath = "";
			projectRoot = "";
			targets = (
				0470BC1A23562B480016714F /* obc-test */,
			);
		};
/* End PBXProject section */

/* Begin PBXResourcesBuildPhase section */
		0470BC1923562B480016714F /* Resources */ = {
			isa = PBXResourcesBuildPhase;
			buildActionMask = 2147483647;
			files = (
				0470BC2E23562B4D0016714F /* LaunchScreen.storyboard in Resources */,
				0470BC2B23562B4D0016714F /* Assets.xcassets in Resources */,
				0470BC2923562B490016714F /* Main.storyboard in Resources */,
			);
			runOnlyForDeploymentPostprocessing = 0;
		};
/* End PBXResourcesBuildPhase section */

/* Begin PBXSourcesBuildPhase section */
		0470BC1723562B480016714F /* Sources */ = {
			isa = PBXSourcesBuildPhase;
			buildActionMask = 2147483647;
			files = (
				0470BC2623562B490016714F /* ViewController.m in Sources */,
				0470BC2023562B490016714F /* AppDelegate.m in Sources */,
				0470BC3123562B4D0016714F /* main.m in Sources */,
				0470BC2323562B490016714F /* SceneDelegate.m in Sources */,
			);
			runOnlyForDeploymentPostprocessing = 0;
		};
/* End PBXSourcesBuildPhase section */

/* Begin PBXVariantGroup section */
		0470BC2723562B490016714F /* Main.storyboard */ = {
			isa = PBXVariantGroup;
			children = (
				0470BC2823562B490016714F /* Base */,
			);
			name = Main.storyboard;
			sourceTree = "<group>";
		};
		0470BC2C23562B4D0016714F /* LaunchScreen.storyboard */ = {
			isa = PBXVariantGroup;
			children = (
				0470BC2D23562B4D0016714F /* Base */,
			);
			name = LaunchScreen.storyboard;
			sourceTree = "<group>";
		};
/* End PBXVariantGroup section */

/* Begin XCBuildConfiguration section */
		0470BC3223562B4D0016714F /* Debug */ = {
			isa = XCBuildConfiguration;
			buildSettings = {
				ALWAYS_SEARCH_USER_PATHS = NO;
				CLANG_ANALYZER_NONNULL = YES;
				CLANG_ANALYZER_NUMBER_OBJECT_CONVERSION = YES_AGGRESSIVE;
				CLANG_CXX_LANGUAGE_STANDARD = "gnu++14";
				CLANG_CXX_LIBRARY = "libc++";
				CLANG_ENABLE_MODULES = YES;
				CLANG_ENABLE_OBJC_ARC = YES;
				CLANG_ENABLE_OBJC_WEAK = YES;
				CLANG_WARN_BLOCK_CAPTURE_AUTORELEASING = YES;
				CLANG_WARN_BOOL_CONVERSION = YES;
				CLANG_WARN_COMMA = YES;
				CLANG_WARN_CONSTANT_CONVERSION = YES;
				CLANG_WARN_DEPRECATED_OBJC_IMPLEMENTATIONS = YES;
				CLANG_WARN_DIRECT_OBJC_ISA_USAGE = YES_ERROR;
				CLANG_WARN_DOCUMENTATION_COMMENTS = YES;
				CLANG_WARN_EMPTY_BODY = YES;
				CLANG_WARN_ENUM_CONVERSION = YES;
				CLANG_WARN_INFINITE_RECURSION = YES;
				CLANG_WARN_INT_CONVERSION = YES;
				CLANG_WARN_NON_LITERAL_NULL_CONVERSION = YES;
				CLANG_WARN_OBJC_IMPLICIT_RETAIN_SELF = YES;
				CLANG_WARN_OBJC_LITERAL_CONVERSION = YES;
				CLANG_WARN_OBJC_ROOT_CLASS = YES_ERROR;
				CLANG_WARN_RANGE_LOOP_ANALYSIS = YES;
				CLANG_WARN_STRICT_PROTOTYPES = YES;
				CLANG_WARN_SUSPICIOUS_MOVE = YES;
				CLANG_WARN_UNGUARDED_AVAILABILITY = YES_AGGRESSIVE;
				CLANG_WARN_UNREACHABLE_CODE = YES;
				CLANG_WARN__DUPLICATE_METHOD_MATCH = YES;
				COPY_PHASE_STRIP = NO;
				DEBUG_INFORMATION_FORMAT = dwarf;
				ENABLE_STRICT_OBJC_MSGSEND = YES;
				ENABLE_TESTABILITY = YES;
				GCC_C_LANGUAGE_STANDARD = gnu11;
				GCC_DYNAMIC_NO_PIC = NO;
				GCC_NO_COMMON_BLOCKS = YES;
				GCC_OPTIMIZATION_LEVEL = 0;
				GCC_PREPROCESSOR_DEFINITIONS = (
					"DEBUG=1",
					"$(inherited)",
				);
				GCC_WARN_64_TO_32_BIT_CONVERSION = YES;
				GCC_WARN_ABOUT_RETURN_TYPE = YES_ERROR;
				GCC_WARN_UNDECLARED_SELECTOR = YES;
				GCC_WARN_UNINITIALIZED_AUTOS = YES_AGGRESSIVE;
				GCC_WARN_UNUSED_FUNCTION = YES;
				GCC_WARN_UNUSED_VARIABLE = YES;
				IPHONEOS_DEPLOYMENT_TARGET = 13.0;
				MTL_ENABLE_DEBUG_INFO = INCLUDE_SOURCE;
				MTL_FAST_MATH = YES;
				ONLY_ACTIVE_ARCH = YES;
				SDKROOT = iphoneos;
			};
			name = Debug;
		};
		0470BC3323562B4D0016714F /* Release */ = {
			isa = XCBuildConfiguration;
			buildSettings = {
				ALWAYS_SEARCH_USER_PATHS = NO;
				CLANG_ANALYZER_NONNULL = YES;
				CLANG_ANALYZER_NUMBER_OBJECT_CONVERSION = YES_AGGRESSIVE;
				CLANG_CXX_LANGUAGE_STANDARD = "gnu++14";
				CLANG_CXX_LIBRARY = "libc++";
				CLANG_ENABLE_MODULES = YES;
				CLANG_ENABLE_OBJC_ARC = YES;
				CLANG_ENABLE_OBJC_WEAK = YES;
				CLANG_WARN_BLOCK_CAPTURE_AUTORELEASING = YES;
				CLANG_WARN_BOOL_CONVERSION = YES;
				CLANG_WARN_COMMA = YES;
				CLANG_WARN_CONSTANT_CONVERSION = YES;
				CLANG_WARN_DEPRECATED_OBJC_IMPLEMENTATIONS = YES;
				CLANG_WARN_DIRECT_OBJC_ISA_USAGE = YES_ERROR;
				CLANG_WARN_DOCUMENTATION_COMMENTS = YES;
				CLANG_WARN_EMPTY_BODY = YES;
				CLANG_WARN_ENUM_CONVERSION = YES;
				CLANG_WARN_INFINITE_RECURSION = YES;
				CLANG_WARN_INT_CONVERSION = YES;
				CLANG_WARN_NON_LITERAL_NULL_CONVERSION = YES;
				CLANG_WARN_OBJC_IMPLICIT_RETAIN_SELF = YES;
				CLANG_WARN_OBJC_LITERAL_CONVERSION = YES;
				CLANG_WARN_OBJC_ROOT_CLASS = YES_ERROR;
				CLANG_WARN_RANGE_LOOP_ANALYSIS = YES;
				CLANG_WARN_STRICT_PROTOTYPES = YES;
				CLANG_WARN_SUSPICIOUS_MOVE = YES;
				CLANG_WARN_UNGUARDED_AVAILABILITY = YES_AGGRESSIVE;
				CLANG_WARN_UNREACHABLE_CODE = YES;
				CLANG_WARN__DUPLICATE_METHOD_MATCH = YES;
				COPY_PHASE_STRIP = NO;
				DEBUG_INFORMATION_FORMAT = "dwarf-with-dsym";
				ENABLE_NS_ASSERTIONS = NO;
				ENABLE_STRICT_OBJC_MSGSEND = YES;
				GCC_C_LANGUAGE_STANDARD = gnu11;
				GCC_NO_COMMON_BLOCKS = YES;
				GCC_WARN_64_TO_32_BIT_CONVERSION = YES;
				GCC_WARN_ABOUT_RETURN_TYPE = YES_ERROR;
				GCC_WARN_UNDECLARED_SELECTOR = YES;
				GCC_WARN_UNINITIALIZED_AUTOS = YES_AGGRESSIVE;
				GCC_WARN_UNUSED_FUNCTION = YES;
				GCC_WARN_UNUSED_VARIABLE = YES;
				IPHONEOS_DEPLOYMENT_TARGET = 13.0;
				MTL_ENABLE_DEBUG_INFO = NO;
				MTL_FAST_MATH = YES;
				SDKROOT = iphoneos;
				VALIDATE_PRODUCT = YES;
			};
			name = Release;
		};
		0470BC3523562B4D0016714F /* Debug */ = {
			isa = XCBuildConfiguration;
			buildSettings = {
				ASSETCATALOG_COMPILER_APPICON_NAME = AppIcon;
				CODE_SIGN_STYLE = Automatic;
				INFOPLIST_FILE = "obc-test/Info.plist";
				LD_RUNPATH_SEARCH_PATHS = (
					"$(inherited)",
					"@executable_path/Frameworks",
				);
				PRODUCT_BUNDLE_IDENTIFIER = "abc.obc-test";
				PRODUCT_NAME = "$(TARGET_NAME)";
				TARGETED_DEVICE_FAMILY = "1,2";
			};
			name = Debug;
		};
		0470BC3623562B4D0016714F /* Release */ = {
			isa = XCBuildConfiguration;
			buildSettings = {
				ASSETCATALOG_COMPILER_APPICON_NAME = AppIcon;
				CODE_SIGN_STYLE = Automatic;
				INFOPLIST_FILE = "obc-test/Info.plist";
				LD_RUNPATH_SEARCH_PATHS = (
					"$(inherited)",
					"@executable_path/Frameworks",
				);
				PRODUCT_BUNDLE_IDENTIFIER = "abc.obc-test";
				PRODUCT_NAME = "$(TARGET_NAME)";
				TARGETED_DEVICE_FAMILY = "1,2";
			};
			name = Release;
		};
/* End XCBuildConfiguration section */

/* Begin XCConfigurationList section */
		0470BC1623562B480016714F /* Build configuration list for PBXProject "obc-test" */ = {
			isa = XCConfigurationList;
			buildConfigurations = (
				0470BC3223562B4D0016714F /* Debug */,
				0470BC3323562B4D0016714F /* Release */,
			);
			defaultConfigurationIsVisible = 0;
			defaultConfigurationName = Release;
		};
		0470BC3423562B4D0016714F /* Build configuration list for PBXNativeTarget "obc-test" */ = {
			isa = XCConfigurationList;
			buildConfigurations = (
				0470BC3523562B4D0016714F /* Debug */,
				0470BC3623562B4D0016714F /* Release */,
			);
			defaultConfigurationIsVisible = 0;
			defaultConfigurationName = Release;
		};
/* End XCConfigurationList section */
	};
	rootObject = 0470BC1323562B480016714F /* Project object */;
}
